lockfileVersion: '6.0'

settings:
  autoInstallPeers: true
  excludeLinksFromLockfile: false

dependencies:
  '@webassemblyjs/wast-parser':
    specifier: ^1.11.6
    version: 1.11.6
  rollup:
    specifier: ^1.20.0||^2.0.0||^3.0.0
    version: 1.20.0
  wabt:
    specifier: ^1.0.32
    version: 1.0.32

packages:

  /@types/estree@0.0.39:
    resolution: {integrity: sha512-EYNwp3bU+98cpU4lAWYYL7Zz+2gryWH1qbdDTidVd6hkiR6weksdbMadyXKXNPEkQFhXM+hVO9ZygomHXp+AIw==}
    dev: false

  /@types/node@12.20.55:
    resolution: {integrity: sha512-J8xLz7q2OFulZ2cyGTLE1TbbZcjpno7FaN6zdJNrgAdrJ+DZzh/uFR6YrTb4C+nXakvud8Q4+rbhoIWlYQbUFQ==}
    dev: false

  /@webassemblyjs/ast@1.11.6:
    resolution: {integrity: sha512-IN1xI7PwOvLPgjcf180gC1bqn3q/QaOCwYUahIOhbYUu8KA/3tw2RT/T0Gidi1l7Hhj5D/INhJxiICObqpMu4Q==}
    dependencies:
      '@webassemblyjs/helper-numbers': 1.11.6
      '@webassemblyjs/helper-wasm-bytecode': 1.11.6
    dev: false

  /@webassemblyjs/floating-point-hex-parser@1.11.6:
    resolution: {integrity: sha512-ejAj9hfRJ2XMsNHk/v6Fu2dGS+i4UaXBXGemOfQ/JfQ6mdQg/WXtwleQRLLS4OvfDhv8rYnVwH27YJLMyYsxhw==}
    dev: false

  /@webassemblyjs/helper-api-error@1.11.6:
    resolution: {integrity: sha512-o0YkoP4pVu4rN8aTJgAyj9hC2Sv5UlkzCHhxqWj8butaLvnpdc2jOwh4ewE6CX0txSfLn/UYaV/pheS2Txg//Q==}
    dev: false

  /@webassemblyjs/helper-code-frame@1.11.6:
    resolution: {integrity: sha512-52QsMGFuYEC60xh8zvqxICLYuSkNxIhEXoiAvvFkmd8FtUAFSF4H7vaUhJiv5Qvt+lMvFPDJV9Fn2DKjxL6rUQ==}
    dependencies:
      '@webassemblyjs/wast-printer': 1.11.6
    dev: false

  /@webassemblyjs/helper-fsm@1.11.6:
    resolution: {integrity: sha512-W628D2rPrc9fSsBZw3DJcyQRakZvKPOON6vRUYuDe8nNUOPnFUtZ6duhKHbkMcZPOB/m5KC1QIZCs2Dujoxd2g==}
    dev: false

  /@webassemblyjs/helper-numbers@1.11.6:
    resolution: {integrity: sha512-vUIhZ8LZoIWHBohiEObxVm6hwP034jwmc9kuq5GdHZH0wiLVLIPcMCdpJzG4C11cHoQ25TFIQj9kaVADVX7N3g==}
    dependencies:
      '@webassemblyjs/floating-point-hex-parser': 1.11.6
      '@webassemblyjs/helper-api-error': 1.11.6
      '@xtuc/long': 4.2.2
    dev: false

  /@webassemblyjs/helper-wasm-bytecode@1.11.6:
    resolution: {integrity: sha512-sFFHKwcmBprO9e7Icf0+gddyWYDViL8bpPjJJl0WHxCdETktXdmtWLGVzoHbqUcY4Be1LkNfwTmXOJUFZYSJdA==}
    dev: false

  /@webassemblyjs/wast-parser@1.11.6:
    resolution: {integrity: sha512-ZiXcpiCi1RKnsWKyrbcG7WyEr6HOmgUnTSTNhoK1PuNZBvcK3RFqr5ekXY8N7/xPF8tYG4+2QwBbDOttGx4Fig==}
    dependencies:
      '@webassemblyjs/ast': 1.11.6
      '@webassemblyjs/floating-point-hex-parser': 1.11.6
      '@webassemblyjs/helper-api-error': 1.11.6
      '@webassemblyjs/helper-code-frame': 1.11.6
      '@webassemblyjs/helper-fsm': 1.11.6
      '@xtuc/long': 4.2.2
    dev: false

  /@webassemblyjs/wast-printer@1.11.6:
    resolution: {integrity: sha512-JM7AhRcE+yW2GWYaKeHL5vt4xqee5N2WcezptmgyhNS+ScggqcT1OtXykhAb13Sn5Yas0j2uv9tHgrjwvzAP4A==}
    dependencies:
      '@webassemblyjs/ast': 1.11.6
      '@xtuc/long': 4.2.2
    dev: false

  /@xtuc/long@4.2.2:
    resolution: {integrity: sha512-NuHqBY1PB/D8xU6s/thBgOAiAP7HOYDQ32+BFZILJ8ivkUkAHQnWfn6WhL79Owj1qmUnoN/YPhktdIoucipkAQ==}
    dev: false

  /acorn@7.4.1:
    resolution: {integrity: sha512-nQyp0o1/mNdbTO1PO6kHkwSrmgZ0MT/jCCpNiwbUjGoRN4dlBhqJtoQuCnEOKzgTVwg0ZWiCoQy6SxMebQVh8A==}
    engines: {node: '>=0.4.0'}
    hasBin: true
    dev: false

  /rollup@1.20.0:
    resolution: {integrity: sha512-zW80j9RSJ0VV0VOxP1i7cF279+IlAaD49Ihwqb87PDR0555Fvk10HKmh2yUtXCdBb37bELuhHWZTJc4uoCo8Vw==}
    hasBin: true
    dependencies:
      '@types/estree': 0.0.39
      '@types/node': 12.20.55
      acorn: 7.4.1
    dev: false

  /wabt@1.0.32:
    resolution: {integrity: sha512-1aHvkKaSrrl7qFtAbQ1RWVHLuJApRh7PtUdYvRtiUEKEhk0MOV0sTuz5cLF6jL5jPLRyifLbZcR65AEga/xBhQ==}
    hasBin: true
    dev: false
